
Microsoft Visual Studio Solution File, Format Version 12.00
# Visual Studio 14
VisualStudioVersion = 14.0.25420.1
MinimumVisualStudioVersion = 10.0.40219.1
Project("{FAE04EC0-301F-11D3-BF4B-00C04F79EFBC}") = "Forms", "Forms\Forms\Forms.csproj", "{E00A063F-8AA3-427E-8400-0171F5486102}"
EndProject
Project("{FAE04EC0-301F-11D3-BF4B-00C04F79EFBC}") = "Forms.Droid", "Forms\Forms.Droid\Forms.Droid.csproj", "{25D293F1-6984-4B85-B11C-87C86E036604}"
EndProject
Project("{FAE04EC0-301F-11D3-BF4B-00C04F79EFBC}") = "Forms.iOS", "Forms\Forms.iOS\Forms.iOS.csproj", "{17E29B38-1912-4AD0-9366-DA120ABC02A8}"
EndProject
Project("{FAE04EC0-301F-11D3-BF4B-00C04F79EFBC}") = "Forms.UWP", "Forms\Forms.UWP\Forms.UWP.csproj", "{31806B58-8141-49E5-8E4C-A1E7C852F0C2}"
EndProject
Global
	GlobalSection(SolutionConfigurationPlatforms) = preSolution
		Ad-Hoc|Any CPU = Ad-Hoc|Any CPU
		Ad-Hoc|ARM = Ad-Hoc|ARM
		Ad-Hoc|iPhone = Ad-Hoc|iPhone
		Ad-Hoc|iPhoneSimulator = Ad-Hoc|iPhoneSimulator
		Ad-Hoc|x64 = Ad-Hoc|x64
		Ad-Hoc|x86 = Ad-Hoc|x86
		AppStore|Any CPU = AppStore|Any CPU
		AppStore|ARM = AppStore|ARM
		AppStore|iPhone = AppStore|iPhone
		AppStore|iPhoneSimulator = AppStore|iPhoneSimulator
		AppStore|x64 = AppStore|x64
		AppStore|x86 = AppStore|x86
		Debug|Any CPU = Debug|Any CPU
		Debug|ARM = Debug|ARM
		Debug|iPhone = Debug|iPhone
		Debug|iPhoneSimulator = Debug|iPhoneSimulator
		Debug|x64 = Debug|x64
		Debug|x86 = Debug|x86
		Release|Any CPU = Release|Any CPU
		Release|ARM = Release|ARM
		Release|iPhone = Release|iPhone
		Release|iPhoneSimulator = Release|iPhoneSimulator
		Release|x64 = Release|x64
		Release|x86 = Release|x86
	EndGlobalSection
	GlobalSection(ProjectConfigurationPlatforms) = postSolution
		{E00A063F-8AA3-427E-8400-0171F5486102}.Ad-Hoc|Any CPU.ActiveCfg = Release|Any CPU
		{E00A063F-8AA3-427E-8400-0171F5486102}.Ad-Hoc|Any CPU.Build.0 = Release|Any CPU
		{E00A063F-8AA3-427E-8400-0171F5486102}.Ad-Hoc|ARM.ActiveCfg = Release|Any CPU
		{E00A063F-8AA3-427E-8400-0171F5486102}.Ad-Hoc|ARM.Build.0 = Release|Any CPU
		{E00A063F-8AA3-427E-8400-0171F5486102}.Ad-Hoc|iPhone.ActiveCfg = Release|Any CPU
		{E00A063F-8AA3-427E-8400-0171F5486102}.Ad-Hoc|iPhone.Build.0 = Release|Any CPU
		{E00A063F-8AA3-427E-8400-0171F5486102}.Ad-Hoc|iPhoneSimulator.ActiveCfg = Release|Any CPU
		{E00A063F-8AA3-427E-8400-0171F5486102}.Ad-Hoc|iPhoneSimulator.Build.0 = Release|Any CPU
		{E00A063F-8AA3-427E-8400-0171F5486102}.Ad-Hoc|x64.ActiveCfg = Release|Any CPU
		{E00A063F-8AA3-427E-8400-0171F5486102}.Ad-Hoc|x64.Build.0 = Release|Any CPU
		{E00A063F-8AA3-427E-8400-0171F5486102}.Ad-Hoc|x86.ActiveCfg = Release|Any CPU
		{E00A063F-8AA3-427E-8400-0171F5486102}.Ad-Hoc|x86.Build.0 = Release|Any CPU
		{E00A063F-8AA3-427E-8400-0171F5486102}.AppStore|Any CPU.ActiveCfg = Release|Any CPU
		{E00A063F-8AA3-427E-8400-0171F5486102}.AppStore|Any CPU.Build.0 = Release|Any CPU
		{E00A063F-8AA3-427E-8400-0171F5486102}.AppStore|ARM.ActiveCfg = Release|Any CPU
		{E00A063F-8AA3-427E-8400-0171F5486102}.AppStore|ARM.Build.0 = Release|Any CPU
		{E00A063F-8AA3-427E-8400-0171F5486102}.AppStore|iPhone.ActiveCfg = Release|Any CPU
		{E00A063F-8AA3-427E-8400-0171F5486102}.AppStore|iPhone.Build.0 = Release|Any CPU
		{E00A063F-8AA3-427E-8400-0171F5486102}.AppStore|iPhoneSimulator.ActiveCfg = Release|Any CPU
		{E00A063F-8AA3-427E-8400-0171F5486102}.AppStore|iPhoneSimulator.Build.0 = Release|Any CPU
		{E00A063F-8AA3-427E-8400-0171F5486102}.AppStore|x64.ActiveCfg = Release|Any CPU
		{E00A063F-8AA3-427E-8400-0171F5486102}.AppStore|x64.Build.0 = Release|Any CPU
		{E00A063F-8AA3-427E-8400-0171F5486102}.AppStore|x86.ActiveCfg = Release|Any CPU
		{E00A063F-8AA3-427E-8400-0171F5486102}.AppStore|x86.Build.0 = Release|Any CPU
		{E00A063F-8AA3-427E-8400-0171F5486102}.Debug|Any CPU.ActiveCfg = Debug|Any CPU
		{E00A063F-8AA3-427E-8400-0171F5486102}.Debug|Any CPU.Build.0 = Debug|Any CPU
		{E00A063F-8AA3-427E-8400-0171F5486102}.Debug|ARM.ActiveCfg = Debug|Any CPU
		{E00A063F-8AA3-427E-8400-0171F5486102}.Debug|ARM.Build.0 = Debug|Any CPU
		{E00A063F-8AA3-427E-8400-0171F5486102}.Debug|iPhone.ActiveCfg = Debug|Any CPU
		{E00A063F-8AA3-427E-8400-0171F5486102}.Debug|iPhone.Build.0 = Debug|Any CPU
		{E00A063F-8AA3-427E-8400-0171F5486102}.Debug|iPhoneSimulator.ActiveCfg = Debug|Any CPU
		{E00A063F-8AA3-427E-8400-0171F5486102}.Debug|iPhoneSimulator.Build.0 = Debug|Any CPU
		{E00A063F-8AA3-427E-8400-0171F5486102}.Debug|x64.ActiveCfg = Debug|Any CPU
		{E00A063F-8AA3-427E-8400-0171F5486102}.Debug|x64.Build.0 = Debug|Any CPU
		{E00A063F-8AA3-427E-8400-0171F5486102}.Debug|x86.ActiveCfg = Debug|Any CPU
		{E00A063F-8AA3-427E-8400-0171F5486102}.Debug|x86.Build.0 = Debug|Any CPU
		{E00A063F-8AA3-427E-8400-0171F5486102}.Release|Any CPU.ActiveCfg = Release|Any CPU
		{E00A063F-8AA3-427E-8400-0171F5486102}.Release|Any CPU.Build.0 = Release|Any CPU
		{E00A063F-8AA3-427E-8400-0171F5486102}.Release|ARM.ActiveCfg = Release|Any CPU
		{E00A063F-8AA3-427E-8400-0171F5486102}.Release|ARM.Build.0 = Release|Any CPU
		{E00A063F-8AA3-427E-8400-0171F5486102}.Release|iPhone.ActiveCfg = Release|Any CPU
		{E00A063F-8AA3-427E-8400-0171F5486102}.Release|iPhone.Build.0 = Release|Any CPU
		{E00A063F-8AA3-427E-8400-0171F5486102}.Release|iPhoneSimulator.ActiveCfg = Release|Any CPU
		{E00A063F-8AA3-427E-8400-0171F5486102}.Release|iPhoneSimulator.Build.0 = Release|Any CPU
		{E00A063F-8AA3-427E-8400-0171F5486102}.Release|x64.ActiveCfg = Release|Any CPU
		{E00A063F-8AA3-427E-8400-0171F5486102}.Release|x64.Build.0 = Release|Any CPU
		{E00A063F-8AA3-427E-8400-0171F5486102}.Release|x86.ActiveCfg = Release|Any CPU
		{E00A063F-8AA3-427E-8400-0171F5486102}.Release|x86.Build.0 = Release|Any CPU
		{25D293F1-6984-4B85-B11C-87C86E036604}.Ad-Hoc|Any CPU.ActiveCfg = Release|Any CPU
		{25D293F1-6984-4B85-B11C-87C86E036604}.Ad-Hoc|Any CPU.Build.0 = Release|Any CPU
		{25D293F1-6984-4B85-B11C-87C86E036604}.Ad-Hoc|Any CPU.Deploy.0 = Release|Any CPU
		{25D293F1-6984-4B85-B11C-87C86E036604}.Ad-Hoc|ARM.ActiveCfg = Release|Any CPU
		{25D293F1-6984-4B85-B11C-87C86E036604}.Ad-Hoc|ARM.Build.0 = Release|Any CPU
		{25D293F1-6984-4B85-B11C-87C86E036604}.Ad-Hoc|ARM.Deploy.0 = Release|Any CPU
		{25D293F1-6984-4B85-B11C-87C86E036604}.Ad-Hoc|iPhone.ActiveCfg = Release|Any CPU
		{25D293F1-6984-4B85-B11C-87C86E036604}.Ad-Hoc|iPhone.Build.0 = Release|Any CPU
		{25D293F1-6984-4B85-B11C-87C86E036604}.Ad-Hoc|iPhone.Deploy.0 = Release|Any CPU
		{25D293F1-6984-4B85-B11C-87C86E036604}.Ad-Hoc|iPhoneSimulator.ActiveCfg = Release|Any CPU
		{25D293F1-6984-4B85-B11C-87C86E036604}.Ad-Hoc|iPhoneSimulator.Build.0 = Release|Any CPU
		{25D293F1-6984-4B85-B11C-87C86E036604}.Ad-Hoc|iPhoneSimulator.Deploy.0 = Release|Any CPU
		{25D293F1-6984-4B85-B11C-87C86E036604}.Ad-Hoc|x64.ActiveCfg = Release|Any CPU
		{25D293F1-6984-4B85-B11C-87C86E036604}.Ad-Hoc|x64.Build.0 = Release|Any CPU
		{25D293F1-6984-4B85-B11C-87C86E036604}.Ad-Hoc|x64.Deploy.0 = Release|Any CPU
		{25D293F1-6984-4B85-B11C-87C86E036604}.Ad-Hoc|x86.ActiveCfg = Release|Any CPU
		{25D293F1-6984-4B85-B11C-87C86E036604}.Ad-Hoc|x86.Build.0 = Release|Any CPU
		{25D293F1-6984-4B85-B11C-87C86E036604}.Ad-Hoc|x86.Deploy.0 = Release|Any CPU
		{25D293F1-6984-4B85-B11C-87C86E036604}.AppStore|Any CPU.ActiveCfg = Release|Any CPU
		{25D293F1-6984-4B85-B11C-87C86E036604}.AppStore|Any CPU.Build.0 = Release|Any CPU
		{25D293F1-6984-4B85-B11C-87C86E036604}.AppStore|Any CPU.Deploy.0 = Release|Any CPU
		{25D293F1-6984-4B85-B11C-87C86E036604}.AppStore|ARM.ActiveCfg = Release|Any CPU
		{25D293F1-6984-4B85-B11C-87C86E036604}.AppStore|ARM.Build.0 = Release|Any CPU
		{25D293F1-6984-4B85-B11C-87C86E036604}.AppStore|ARM.Deploy.0 = Release|Any CPU
		{25D293F1-6984-4B85-B11C-87C86E036604}.AppStore|iPhone.ActiveCfg = Release|Any CPU
		{25D293F1-6984-4B85-B11C-87C86E036604}.AppStore|iPhone.Build.0 = Release|Any CPU
		{25D293F1-6984-4B85-B11C-87C86E036604}.AppStore|iPhone.Deploy.0 = Release|Any CPU
		{25D293F1-6984-4B85-B11C-87C86E036604}.AppStore|iPhoneSimulator.ActiveCfg = Release|Any CPU
		{25D293F1-6984-4B85-B11C-87C86E036604}.AppStore|iPhoneSimulator.Build.0 = Release|Any CPU
		{25D293F1-6984-4B85-B11C-87C86E036604}.AppStore|iPhoneSimulator.Deploy.0 = Release|Any CPU
		{25D293F1-6984-4B85-B11C-87C86E036604}.AppStore|x64.ActiveCfg = Release|Any CPU
		{25D293F1-6984-4B85-B11C-87C86E036604}.AppStore|x64.Build.0 = Release|Any CPU
		{25D293F1-6984-4B85-B11C-87C86E036604}.AppStore|x64.Deploy.0 = Release|Any CPU
		{25D293F1-6984-4B85-B11C-87C86E036604}.AppStore|x86.ActiveCfg = Release|Any CPU
		{25D293F1-6984-4B85-B11C-87C86E036604}.AppStore|x86.Build.0 = Release|Any CPU
		{25D293F1-6984-4B85-B11C-87C86E036604}.AppStore|x86.Deploy.0 = Release|Any CPU
		{25D293F1-6984-4B85-B11C-87C86E036604}.Debug|Any CPU.ActiveCfg = Debug|Any CPU
		{25D293F1-6984-4B85-B11C-87C86E036604}.Debug|Any CPU.Build.0 = Debug|Any CPU
		{25D293F1-6984-4B85-B11C-87C86E036604}.Debug|Any CPU.Deploy.0 = Debug|Any CPU
		{25D293F1-6984-4B85-B11C-87C86E036604}.Debug|ARM.ActiveCfg = Debug|Any CPU
		{25D293F1-6984-4B85-B11C-87C86E036604}.Debug|ARM.Build.0 = Debug|Any CPU
		{25D293F1-6984-4B85-B11C-87C86E036604}.Debug|ARM.Deploy.0 = Debug|Any CPU
		{25D293F1-6984-4B85-B11C-87C86E036604}.Debug|iPhone.ActiveCfg = Debug|Any CPU
		{25D293F1-6984-4B85-B11C-87C86E036604}.Debug|iPhone.Build.0 = Debug|Any CPU
		{25D293F1-6984-4B85-B11C-87C86E036604}.Debug|iPhone.Deploy.0 = Debug|Any CPU
		{25D293F1-6984-4B85-B11C-87C86E036604}.Debug|iPhoneSimulator.ActiveCfg = Debug|Any CPU
		{25D293F1-6984-4B85-B11C-87C86E036604}.Debug|iPhoneSimulator.Build.0 = Debug|Any CPU
		{25D293F1-6984-4B85-B11C-87C86E036604}.Debug|iPhoneSimulator.Deploy.0 = Debug|Any CPU
		{25D293F1-6984-4B85-B11C-87C86E036604}.Debug|x64.ActiveCfg = Debug|Any CPU
		{25D293F1-6984-4B85-B11C-87C86E036604}.Debug|x64.Build.0 = Debug|Any CPU
		{25D293F1-6984-4B85-B11C-87C86E036604}.Debug|x64.Deploy.0 = Debug|Any CPU
		{25D293F1-6984-4B85-B11C-87C86E036604}.Debug|x86.ActiveCfg = Debug|Any CPU
		{25D293F1-6984-4B85-B11C-87C86E036604}.Debug|x86.Build.0 = Debug|Any CPU
		{25D293F1-6984-4B85-B11C-87C86E036604}.Debug|x86.Deploy.0 = Debug|Any CPU
		{25D293F1-6984-4B85-B11C-87C86E036604}.Release|Any CPU.ActiveCfg = Release|Any CPU
		{25D293F1-6984-4B85-B11C-87C86E036604}.Release|Any CPU.Build.0 = Release|Any CPU
		{25D293F1-6984-4B85-B11C-87C86E036604}.Release|Any CPU.Deploy.0 = Release|Any CPU
		{25D293F1-6984-4B85-B11C-87C86E036604}.Release|ARM.ActiveCfg = Release|Any CPU
		{25D293F1-6984-4B85-B11C-87C86E036604}.Release|ARM.Build.0 = Release|Any CPU
		{25D293F1-6984-4B85-B11C-87C86E036604}.Release|ARM.Deploy.0 = Release|Any CPU
		{25D293F1-6984-4B85-B11C-87C86E036604}.Release|iPhone.ActiveCfg = Release|Any CPU
		{25D293F1-6984-4B85-B11C-87C86E036604}.Release|iPhone.Build.0 = Release|Any CPU
		{25D293F1-6984-4B85-B11C-87C86E036604}.Release|iPhone.Deploy.0 = Release|Any CPU
		{25D293F1-6984-4B85-B11C-87C86E036604}.Release|iPhoneSimulator.ActiveCfg = Release|Any CPU
		{25D293F1-6984-4B85-B11C-87C86E036604}.Release|iPhoneSimulator.Build.0 = Release|Any CPU
		{25D293F1-6984-4B85-B11C-87C86E036604}.Release|iPhoneSimulator.Deploy.0 = Release|Any CPU
		{25D293F1-6984-4B85-B11C-87C86E036604}.Release|x64.ActiveCfg = Release|Any CPU
		{25D293F1-6984-4B85-B11C-87C86E036604}.Release|x64.Build.0 = Release|Any CPU
		{25D293F1-6984-4B85-B11C-87C86E036604}.Release|x64.Deploy.0 = Release|Any CPU
		{25D293F1-6984-4B85-B11C-87C86E036604}.Release|x86.ActiveCfg = Release|Any CPU
		{25D293F1-6984-4B85-B11C-87C86E036604}.Release|x86.Build.0 = Release|Any CPU
		{25D293F1-6984-4B85-B11C-87C86E036604}.Release|x86.Deploy.0 = Release|Any CPU
		{17E29B38-1912-4AD0-9366-DA120ABC02A8}.Ad-Hoc|Any CPU.ActiveCfg = Ad-Hoc|iPhone
		{17E29B38-1912-4AD0-9366-DA120ABC02A8}.Ad-Hoc|ARM.ActiveCfg = Ad-Hoc|iPhone
		{17E29B38-1912-4AD0-9366-DA120ABC02A8}.Ad-Hoc|iPhone.ActiveCfg = Ad-Hoc|iPhone
		{17E29B38-1912-4AD0-9366-DA120ABC02A8}.Ad-Hoc|iPhone.Build.0 = Ad-Hoc|iPhone
		{17E29B38-1912-4AD0-9366-DA120ABC02A8}.Ad-Hoc|iPhoneSimulator.ActiveCfg = Ad-Hoc|iPhoneSimulator
		{17E29B38-1912-4AD0-9366-DA120ABC02A8}.Ad-Hoc|iPhoneSimulator.Build.0 = Ad-Hoc|iPhoneSimulator
		{17E29B38-1912-4AD0-9366-DA120ABC02A8}.Ad-Hoc|x64.ActiveCfg = Ad-Hoc|iPhone
		{17E29B38-1912-4AD0-9366-DA120ABC02A8}.Ad-Hoc|x86.ActiveCfg = Ad-Hoc|iPhone
		{17E29B38-1912-4AD0-9366-DA120ABC02A8}.AppStore|Any CPU.ActiveCfg = AppStore|iPhone
		{17E29B38-1912-4AD0-9366-DA120ABC02A8}.AppStore|ARM.ActiveCfg = AppStore|iPhone
		{17E29B38-1912-4AD0-9366-DA120ABC02A8}.AppStore|iPhone.ActiveCfg = AppStore|iPhone
		{17E29B38-1912-4AD0-9366-DA120ABC02A8}.AppStore|iPhone.Build.0 = AppStore|iPhone
		{17E29B38-1912-4AD0-9366-DA120ABC02A8}.AppStore|iPhoneSimulator.ActiveCfg = AppStore|iPhoneSimulator
		{17E29B38-1912-4AD0-9366-DA120ABC02A8}.AppStore|iPhoneSimulator.Build.0 = AppStore|iPhoneSimulator
		{17E29B38-1912-4AD0-9366-DA120ABC02A8}.AppStore|x64.ActiveCfg = AppStore|iPhone
		{17E29B38-1912-4AD0-9366-DA120ABC02A8}.AppStore|x86.ActiveCfg = AppStore|iPhone
		{17E29B38-1912-4AD0-9366-DA120ABC02A8}.Debug|Any CPU.ActiveCfg = Debug|iPhone
		{17E29B38-1912-4AD0-9366-DA120ABC02A8}.Debug|ARM.ActiveCfg = Debug|iPhone
		{17E29B38-1912-4AD0-9366-DA120ABC02A8}.Debug|iPhone.ActiveCfg = Debug|iPhone
		{17E29B38-1912-4AD0-9366-DA120ABC02A8}.Debug|iPhone.Build.0 = Debug|iPhone
		{17E29B38-1912-4AD0-9366-DA120ABC02A8}.Debug|iPhoneSimulator.ActiveCfg = Debug|iPhoneSimulator
		{17E29B38-1912-4AD0-9366-DA120ABC02A8}.Debug|iPhoneSimulator.Build.0 = Debug|iPhoneSimulator
		{17E29B38-1912-4AD0-9366-DA120ABC02A8}.Debug|x64.ActiveCfg = Debug|iPhone
		{17E29B38-1912-4AD0-9366-DA120ABC02A8}.Debug|x86.ActiveCfg = Debug|iPhone
		{17E29B38-1912-4AD0-9366-DA120ABC02A8}.Release|Any CPU.ActiveCfg = Release|iPhone
		{17E29B38-1912-4AD0-9366-DA120ABC02A8}.Release|ARM.ActiveCfg = Release|iPhone
		{17E29B38-1912-4AD0-9366-DA120ABC02A8}.Release|iPhone.ActiveCfg = Release|iPhone
		{17E29B38-1912-4AD0-9366-DA120ABC02A8}.Release|iPhone.Build.0 = Release|iPhone
		{17E29B38-1912-4AD0-9366-DA120ABC02A8}.Release|iPhoneSimulator.ActiveCfg = Release|iPhoneSimulator
		{17E29B38-1912-4AD0-9366-DA120ABC02A8}.Release|iPhoneSimulator.Build.0 = Release|iPhoneSimulator
		{17E29B38-1912-4AD0-9366-DA120ABC02A8}.Release|x64.ActiveCfg = Release|iPhone
		{17E29B38-1912-4AD0-9366-DA120ABC02A8}.Release|x86.ActiveCfg = Release|iPhone
		{31806B58-8141-49E5-8E4C-A1E7C852F0C2}.Ad-Hoc|Any CPU.ActiveCfg = Release|x86
		{31806B58-8141-49E5-8E4C-A1E7C852F0C2}.Ad-Hoc|Any CPU.Build.0 = Release|x86
		{31806B58-8141-49E5-8E4C-A1E7C852F0C2}.Ad-Hoc|Any CPU.Deploy.0 = Release|x86
		{31806B58-8141-49E5-8E4C-A1E7C852F0C2}.Ad-Hoc|ARM.ActiveCfg = Release|ARM
		{31806B58-8141-49E5-8E4C-A1E7C852F0C2}.Ad-Hoc|ARM.Build.0 = Release|ARM
		{31806B58-8141-49E5-8E4C-A1E7C852F0C2}.Ad-Hoc|ARM.Deploy.0 = Release|ARM
		{31806B58-8141-49E5-8E4C-A1E7C852F0C2}.Ad-Hoc|iPhone.ActiveCfg = Release|x86
		{31806B58-8141-49E5-8E4C-A1E7C852F0C2}.Ad-Hoc|iPhone.Build.0 = Release|x86
		{31806B58-8141-49E5-8E4C-A1E7C852F0C2}.Ad-Hoc|iPhone.Deploy.0 = Release|x86
		{31806B58-8141-49E5-8E4C-A1E7C852F0C2}.Ad-Hoc|iPhoneSimulator.ActiveCfg = Release|x86
		{31806B58-8141-49E5-8E4C-A1E7C852F0C2}.Ad-Hoc|iPhoneSimulator.Build.0 = Release|x86
		{31806B58-8141-49E5-8E4C-A1E7C852F0C2}.Ad-Hoc|iPhoneSimulator.Deploy.0 = Release|x86
		{31806B58-8141-49E5-8E4C-A1E7C852F0C2}.Ad-Hoc|x64.ActiveCfg = Release|x64
		{31806B58-8141-49E5-8E4C-A1E7C852F0C2}.Ad-Hoc|x64.Build.0 = Release|x64
		{31806B58-8141-49E5-8E4C-A1E7C852F0C2}.Ad-Hoc|x64.Deploy.0 = Release|x64
		{31806B58-8141-49E5-8E4C-A1E7C852F0C2}.Ad-Hoc|x86.ActiveCfg = Release|x86
		{31806B58-8141-49E5-8E4C-A1E7C852F0C2}.Ad-Hoc|x86.Build.0 = Release|x86
		{31806B58-8141-49E5-8E4C-A1E7C852F0C2}.Ad-Hoc|x86.Deploy.0 = Release|x86
		{31806B58-8141-49E5-8E4C-A1E7C852F0C2}.AppStore|Any CPU.ActiveCfg = Release|x86
		{31806B58-8141-49E5-8E4C-A1E7C852F0C2}.AppStore|Any CPU.Build.0 = Release|x86
		{31806B58-8141-49E5-8E4C-A1E7C852F0C2}.AppStore|Any CPU.Deploy.0 = Release|x86
		{31806B58-8141-49E5-8E4C-A1E7C852F0C2}.AppStore|ARM.ActiveCfg = Release|ARM
		{31806B58-8141-49E5-8E4C-A1E7C852F0C2}.AppStore|ARM.Build.0 = Release|ARM
		{31806B58-8141-49E5-8E4C-A1E7C852F0C2}.AppStore|ARM.Deploy.0 = Release|ARM
		{31806B58-8141-49E5-8E4C-A1E7C852F0C2}.AppStore|iPhone.ActiveCfg = Release|x86
		{31806B58-8141-49E5-8E4C-A1E7C852F0C2}.AppStore|iPhone.Build.0 = Release|x86
		{31806B58-8141-49E5-8E4C-A1E7C852F0C2}.AppStore|iPhone.Deploy.0 = Release|x86
		{31806B58-8141-49E5-8E4C-A1E7C852F0C2}.AppStore|iPhoneSimulator.ActiveCfg = Release|x86
		{31806B58-8141-49E5-8E4C-A1E7C852F0C2}.AppStore|iPhoneSimulator.Build.0 = Release|x86
		{31806B58-8141-49E5-8E4C-A1E7C852F0C2}.AppStore|iPhoneSimulator.Deploy.0 = Release|x86
		{31806B58-8141-49E5-8E4C-A1E7C852F0C2}.AppStore|x64.ActiveCfg = Release|x64
		{31806B58-8141-49E5-8E4C-A1E7C852F0C2}.AppStore|x64.Build.0 = Release|x64
		{31806B58-8141-49E5-8E4C-A1E7C852F0C2}.AppStore|x64.Deploy.0 = Release|x64
		{31806B58-8141-49E5-8E4C-A1E7C852F0C2}.AppStore|x86.ActiveCfg = Release|x86
		{31806B58-8141-49E5-8E4C-A1E7C852F0C2}.AppStore|x86.Build.0 = Release|x86
		{31806B58-8141-49E5-8E4C-A1E7C852F0C2}.AppStore|x86.Deploy.0 = Release|x86
		{31806B58-8141-49E5-8E4C-A1E7C852F0C2}.Debug|Any CPU.ActiveCfg = Debug|x86
		{31806B58-8141-49E5-8E4C-A1E7C852F0C2}.Debug|ARM.ActiveCfg = Debug|ARM
		{31806B58-8141-49E5-8E4C-A1E7C852F0C2}.Debug|ARM.Build.0 = Debug|ARM
		{31806B58-8141-49E5-8E4C-A1E7C852F0C2}.Debug|ARM.Deploy.0 = Debug|ARM
		{31806B58-8141-49E5-8E4C-A1E7C852F0C2}.Debug|iPhone.ActiveCfg = Debug|x86
		{31806B58-8141-49E5-8E4C-A1E7C852F0C2}.Debug|iPhoneSimulator.ActiveCfg = Debug|x86
		{31806B58-8141-49E5-8E4C-A1E7C852F0C2}.Debug|x64.ActiveCfg = Debug|x64
		{31806B58-8141-49E5-8E4C-A1E7C852F0C2}.Debug|x64.Build.0 = Debug|x64
		{31806B58-8141-49E5-8E4C-A1E7C852F0C2}.Debug|x64.Deploy.0 = Debug|x64
		{31806B58-8141-49E5-8E4C-A1E7C852F0C2}.Debug|x86.ActiveCfg = Debug|x86
		{31806B58-8141-49E5-8E4C-A1E7C852F0C2}.Debug|x86.Build.0 = Debug|x86
		{31806B58-8141-49E5-8E4C-A1E7C852F0C2}.Debug|x86.Deploy.0 = Debug|x86
		{31806B58-8141-49E5-8E4C-A1E7C852F0C2}.Release|Any CPU.ActiveCfg = Release|x86
		{31806B58-8141-49E5-8E4C-A1E7C852F0C2}.Release|ARM.ActiveCfg = Release|ARM
		{31806B58-8141-49E5-8E4C-A1E7C852F0C2}.Release|ARM.Build.0 = Release|ARM
		{31806B58-8141-49E5-8E4C-A1E7C852F0C2}.Release|ARM.Deploy.0 = Release|ARM
		{31806B58-8141-49E5-8E4C-A1E7C852F0C2}.Release|iPhone.ActiveCfg = Release|x86
		{31806B58-8141-49E5-8E4C-A1E7C852F0C2}.Release|iPhoneSimulator.ActiveCfg = Release|x86
		{31806B58-8141-49E5-8E4C-A1E7C852F0C2}.Release|x64.ActiveCfg = Release|x64
		{31806B58-8141-49E5-8E4C-A1E7C852F0C2}.Release|x64.Build.0 = Release|x64
		{31806B58-8141-49E5-8E4C-A1E7C852F0C2}.Release|x64.Deploy.0 = Release|x64
		{31806B58-8141-49E5-8E4C-A1E7C852F0C2}.Release|x86.ActiveCfg = Release|x86
		{31806B58-8141-49E5-8E4C-A1E7C852F0C2}.Release|x86.Build.0 = Release|x86
		{31806B58-8141-49E5-8E4C-A1E7C852F0C2}.Release|x86.Deploy.0 = Release|x86
	EndGlobalSection
	GlobalSection(SolutionProperties) = preSolution
		HideSolutionNode = FALSE
	EndGlobalSection
EndGlobal
